github.com/ross96D/cancelreader v0.2.4 h1:NHJXt04I7/rrzNyPu+ZnmmyVKhKppJV1Iyvc/x84tSQ=
github.com/ross96D/cancelreader v0.2.4/go.mod h1:sSs12d88ds2FFb9aOsKYyhTJCJDQDOll6gpyILZwIzc=
golang.org/x/sys v0.9.0 h1:KS/R3tvhPqvJvwcKfnBHJwwthS11LRhmM5D59eEXa0s=
golang.org/x/sys v0.9.0/go.mod h1:oPkhp1MJrh7nUepCBck5+mAzfO9JrbApNNgaTdGDITg=
